
Microsoft Visual Studio Solution File, Format Version 12.00
# Visual Studio 14
VisualStudioVersion = 14.0.25420.1
MinimumVisualStudioVersion = 10.0.40219.1
Project("{FAE04EC0-301F-11D3-BF4B-00C04F79EFBC}") = "Assessment 2B", "Assessment 2B\Assessment 2B.csproj", "{EB06386C-12A9-4C98-BB0E-ADCA19029719}"
EndProject
Global
	GlobalSection(SolutionConfigurationPlatforms) = preSolution
		Debug|Any CPU = Debug|Any CPU
		Release|Any CPU = Release|Any CPU
	EndGlobalSection
	GlobalSection(ProjectConfigurationPlatforms) = postSolution
		{EB06386C-12A9-4C98-BB0E-ADCA19029719}.Debug|Any CPU.ActiveCfg = Debug|Any CPU
		{EB06386C-12A9-4C98-BB0E-ADCA19029719}.Debug|Any CPU.Build.0 = Debug|Any CPU
		{EB06386C-12A9-4C98-BB0E-ADCA19029719}.Release|Any CPU.ActiveCfg = Release|Any CPU
		{EB06386C-12A9-4C98-BB0E-ADCA19029719}.Release|Any CPU.Build.0 = Release|Any CPU
	EndGlobalSection
	GlobalSection(SolutionProperties) = preSolution
		HideSolutionNode = FALSE
	EndGlobalSection
EndGlobal
